
Microsoft Visual Studio Solution File, Format Version 12.00
# Visual Studio 15
VisualStudioVersion = 15.0.28307.106
MinimumVisualStudioVersion = 10.0.40219.1
Project("{151D2E53-A2C4-4D7D-83FE-D05416EBD58E}") = "AzureWireGuard", "AzureWireGuard\AzureWireGuard.deployproj", "{6829B9DF-DD69-4545-84CC-952847575290}"
EndProject
Global
	GlobalSection(SolutionConfigurationPlatforms) = preSolution
		Debug|Any CPU = Debug|Any CPU
		Release|Any CPU = Release|Any CPU
	EndGlobalSection
	GlobalSection(ProjectConfigurationPlatforms) = postSolution
		{6829B9DF-DD69-4545-84CC-952847575290}.Debug|Any CPU.ActiveCfg = Debug|Any CPU
		{6829B9DF-DD69-4545-84CC-952847575290}.Debug|Any CPU.Build.0 = Debug|Any CPU
		{6829B9DF-DD69-4545-84CC-952847575290}.Release|Any CPU.ActiveCfg = Release|Any CPU
		{6829B9DF-DD69-4545-84CC-952847575290}.Release|Any CPU.Build.0 = Release|Any CPU
	EndGlobalSection
	GlobalSection(SolutionProperties) = preSolution
		HideSolutionNode = FALSE
	EndGlobalSection
	GlobalSection(ExtensibilityGlobals) = postSolution
		SolutionGuid = {57244BD3-5A86-4B71-AE65-51500468B934}
	EndGlobalSection
EndGlobal
